{
  "originHash" : "b63ee5238ba85de674bf3eaf868803aa78de51b177ab9cbee8aac6f8941af75a",
  "pins" : [
    {
      "identity" : "libwebp-xcode",
      "kind" : "remoteSourceControl",
      "location" : "https://github.com/SDWebImage/libwebp-Xcode.git",
      "state" : {
        "revision" : "2b5256c29ff4e20f2a0d5ee863b62b1a22144434",
        "version" : "1.6.0"
      }
    }
  ],
  "version" : 3
}
